// !$*UTF8*$!
{
	archiveVersion = 1;
	classes = {
	};
	objectVersion = 46;
	objects = {

/* Begin PBXBuildFile section */
		4CC34A39148D6D6B00598D3B /* UIKit.framework in Frameworks */ = {isa = PBXBuildFile; fileRef = 4CC34A38148D6D6B00598D3B /* UIKit.framework */; };
		4CC34A3B148D6D6B00598D3B /* Foundation.framework in Frameworks */ = {isa = PBXBuildFile; fileRef = 4CC34A3A148D6D6B00598D3B /* Foundation.framework */; };
		4CC34A3D148D6D6B00598D3B /* CoreGraphics.framework in Frameworks */ = {isa = PBXBuildFile; fileRef = 4CC34A3C148D6D6B00598D3B /* CoreGraphics.framework */; };
		4CC34A43148D6D6B00598D3B /* InfoPlist.strings in Resources */ = {isa = PBXBuildFile; fileRef = 4CC34A41148D6D6B00598D3B /* InfoPlist.strings */; };
		4CC34A45148D6D6B00598D3B /* main.m in Sources */ = {isa = PBXBuildFile; fileRef = 4CC34A44148D6D6B00598D3B /* main.m */; };
		4CC34A49148D6D6B00598D3B /* aws_AppDelegate.m in Sources */ = {isa = PBXBuildFile; fileRef = 4CC34A48148D6D6B00598D3B /* aws_AppDelegate.m */; };
		4CC34A5C148D6D8500598D3B /* CoreLocation.framework in Frameworks */ = {isa = PBXBuildFile; fileRef = 4CC34A5B148D6D8500598D3B /* CoreLocation.framework */; };
		4CC34A5E148D6D8E00598D3B /* MapKit.framework in Frameworks */ = {isa = PBXBuildFile; fileRef = 4CC34A5D148D6D8E00598D3B /* MapKit.framework */; };
		4CC34A65148D6DDB00598D3B /* aws_GameDetailViewController.m in Sources */ = {isa = PBXBuildFile; fileRef = 4CC34A60148D6DDB00598D3B /* aws_GameDetailViewController.m */; };
		4CC34A66148D6DDB00598D3B /* aws_GameDetailViewController.xib in Resources */ = {isa = PBXBuildFile; fileRef = 4CC34A61148D6DDB00598D3B /* aws_GameDetailViewController.xib */; };
		4CC34A67148D6DDB00598D3B /* PickGameViewController.m in Sources */ = {isa = PBXBuildFile; fileRef = 4CC34A63148D6DDB00598D3B /* PickGameViewController.m */; };
		4CC34A68148D6DDB00598D3B /* PickGameViewController.xib in Resources */ = {isa = PBXBuildFile; fileRef = 4CC34A64148D6DDB00598D3B /* PickGameViewController.xib */; };
		4CC34A71148D6EEE00598D3B /* LoginViewController.m in Sources */ = {isa = PBXBuildFile; fileRef = 4CC34A6F148D6EEE00598D3B /* LoginViewController.m */; };
		4CC34A72148D6EEE00598D3B /* LoginViewController.xib in Resources */ = {isa = PBXBuildFile; fileRef = 4CC34A70148D6EEE00598D3B /* LoginViewController.xib */; };
		4CC34A76148D70FC00598D3B /* GameTargetsViewController.m in Sources */ = {isa = PBXBuildFile; fileRef = 4CC34A74148D70FC00598D3B /* GameTargetsViewController.m */; };
		4CC34A77148D70FC00598D3B /* GameTargetsViewController.xib in Resources */ = {isa = PBXBuildFile; fileRef = 4CC34A75148D70FC00598D3B /* GameTargetsViewController.xib */; };
		4CC34A7B148D748100598D3B /* TargetDetailViewController.m in Sources */ = {isa = PBXBuildFile; fileRef = 4CC34A79148D748100598D3B /* TargetDetailViewController.m */; };
		4CC34A7C148D748100598D3B /* TargetDetailViewController.xib in Resources */ = {isa = PBXBuildFile; fileRef = 4CC34A7A148D748100598D3B /* TargetDetailViewController.xib */; };
		4CC34A80148D809600598D3B /* SuccessViewController.m in Sources */ = {isa = PBXBuildFile; fileRef = 4CC34A7E148D809600598D3B /* SuccessViewController.m */; };
		4CC34A81148D809600598D3B /* SuccessViewController.xib in Resources */ = {isa = PBXBuildFile; fileRef = 4CC34A7F148D809600598D3B /* SuccessViewController.xib */; };
		4CC34A83148D813300598D3B /* yp-logo.png in Resources */ = {isa = PBXBuildFile; fileRef = 4CC34A82148D813300598D3B /* yp-logo.png */; };
		4CC34A85148D81C200598D3B /* provided_by_YP.gif in Resources */ = {isa = PBXBuildFile; fileRef = 4CC34A84148D81C100598D3B /* provided_by_YP.gif */; };
		4CC34A87148D897900598D3B /* grass.png in Resources */ = {isa = PBXBuildFile; fileRef = 4CC34A86148D897900598D3B /* grass.png */; };
		4CC34A8B148D8C0400598D3B /* PersonListingViewController.m in Sources */ = {isa = PBXBuildFile; fileRef = 4CC34A89148D8C0300598D3B /* PersonListingViewController.m */; };
		4CC34A8C148D8C0400598D3B /* PersonListingViewController.xib in Resources */ = {isa = PBXBuildFile; fileRef = 4CC34A8A148D8C0300598D3B /* PersonListingViewController.xib */; };
		4CC34A91148D8E0A00598D3B /* George.png in Resources */ = {isa = PBXBuildFile; fileRef = 4CC34A8D148D8E0800598D3B /* George.png */; };
		4CC34A92148D8E0A00598D3B /* John.png in Resources */ = {isa = PBXBuildFile; fileRef = 4CC34A8E148D8E0800598D3B /* John.png */; };
		4CC34A93148D8E0A00598D3B /* Paul.png in Resources */ = {isa = PBXBuildFile; fileRef = 4CC34A8F148D8E0900598D3B /* Paul.png */; };
		4CC34A94148D8E0A00598D3B /* Ringo.png in Resources */ = {isa = PBXBuildFile; fileRef = 4CC34A90148D8E0900598D3B /* Ringo.png */; };
		4CC34A97148D8FEA00598D3B /* NearbyGamesViewController.m in Sources */ = {isa = PBXBuildFile; fileRef = 4CC34A96148D8FEA00598D3B /* NearbyGamesViewController.m */; };
/* End PBXBuildFile section */

/* Begin PBXFileReference section */
		4CC34A34148D6D6B00598D3B /* ScavengerHunt.app */ = {isa = PBXFileReference; explicitFileType = wrapper.application; includeInIndex = 0; path = ScavengerHunt.app; sourceTree = BUILT_PRODUCTS_DIR; };
		4CC34A38148D6D6B00598D3B /* UIKit.framework */ = {isa = PBXFileReference; lastKnownFileType = wrapper.framework; name = UIKit.framework; path = System/Library/Frameworks/UIKit.framework; sourceTree = SDKROOT; };
		4CC34A3A148D6D6B00598D3B /* Foundation.framework */ = {isa = PBXFileReference; lastKnownFileType = wrapper.framework; name = Foundation.framework; path = System/Library/Frameworks/Foundation.framework; sourceTree = SDKROOT; };
		4CC34A3C148D6D6B00598D3B /* CoreGraphics.framework */ = {isa = PBXFileReference; lastKnownFileType = wrapper.framework; name = CoreGraphics.framework; path = System/Library/Frameworks/CoreGraphics.framework; sourceTree = SDKROOT; };
		4CC34A40148D6D6B00598D3B /* ScavengerHunt-Info.plist */ = {isa = PBXFileReference; lastKnownFileType = text.plist.xml; path = "ScavengerHunt-Info.plist"; sourceTree = "<group>"; };
		4CC34A42148D6D6B00598D3B /* en */ = {isa = PBXFileReference; lastKnownFileType = text.plist.strings; name = en; path = en.lproj/InfoPlist.strings; sourceTree = "<group>"; };
		4CC34A44148D6D6B00598D3B /* main.m */ = {isa = PBXFileReference; lastKnownFileType = sourcecode.c.objc; path = main.m; sourceTree = "<group>"; };
		4CC34A46148D6D6B00598D3B /* ScavengerHunt-Prefix.pch */ = {isa = PBXFileReference; lastKnownFileType = sourcecode.c.h; path = "ScavengerHunt-Prefix.pch"; sourceTree = "<group>"; };
		4CC34A47148D6D6B00598D3B /* aws_AppDelegate.h */ = {isa = PBXFileReference; lastKnownFileType = sourcecode.c.h; path = aws_AppDelegate.h; sourceTree = "<group>"; };
		4CC34A48148D6D6B00598D3B /* aws_AppDelegate.m */ = {isa = PBXFileReference; lastKnownFileType = sourcecode.c.objc; path = aws_AppDelegate.m; sourceTree = "<group>"; };
		4CC34A5B148D6D8500598D3B /* CoreLocation.framework */ = {isa = PBXFileReference; lastKnownFileType = wrapper.framework; name = CoreLocation.framework; path = System/Library/Frameworks/CoreLocation.framework; sourceTree = SDKROOT; };
		4CC34A5D148D6D8E00598D3B /* MapKit.framework */ = {isa = PBXFileReference; lastKnownFileType = wrapper.framework; name = MapKit.framework; path = System/Library/Frameworks/MapKit.framework; sourceTree = SDKROOT; };
		4CC34A5F148D6DDB00598D3B /* aws_GameDetailViewController.h */ = {isa = PBXFileReference; fileEncoding = 4; lastKnownFileType = sourcecode.c.h; path = aws_GameDetailViewController.h; sourceTree = "<group>"; };
		4CC34A60148D6DDB00598D3B /* aws_GameDetailViewController.m */ = {isa = PBXFileReference; fileEncoding = 4; lastKnownFileType = sourcecode.c.objc; path = aws_GameDetailViewController.m; sourceTree = "<group>"; };
		4CC34A61148D6DDB00598D3B /* aws_GameDetailViewController.xib */ = {isa = PBXFileReference; fileEncoding = 4; lastKnownFileType = file.xib; path = aws_GameDetailViewController.xib; sourceTree = "<group>"; };
		4CC34A62148D6DDB00598D3B /* PickGameViewController.h */ = {isa = PBXFileReference; fileEncoding = 4; lastKnownFileType = sourcecode.c.h; path = PickGameViewController.h; sourceTree = "<group>"; };
		4CC34A63148D6DDB00598D3B /* PickGameViewController.m */ = {isa = PBXFileReference; fileEncoding = 4; lastKnownFileType = sourcecode.c.objc; path = PickGameViewController.m; sourceTree = "<group>"; };
		4CC34A64148D6DDB00598D3B /* PickGameViewController.xib */ = {isa = PBXFileReference; fileEncoding = 4; lastKnownFileType = file.xib; path = PickGameViewController.xib; sourceTree = "<group>"; };
		4CC34A6E148D6EEE00598D3B /* LoginViewController.h */ = {isa = PBXFileReference; fileEncoding = 4; lastKnownFileType = sourcecode.c.h; path = LoginViewController.h; sourceTree = "<group>"; };
		4CC34A6F148D6EEE00598D3B /* LoginViewController.m */ = {isa = PBXFileReference; fileEncoding = 4; lastKnownFileType = sourcecode.c.objc; path = LoginViewController.m; sourceTree = "<group>"; };
		4CC34A70148D6EEE00598D3B /* LoginViewController.xib */ = {isa = PBXFileReference; fileEncoding = 4; lastKnownFileType = file.xib; path = LoginViewController.xib; sourceTree = "<group>"; };
		4CC34A73148D70FC00598D3B /* GameTargetsViewController.h */ = {isa = PBXFileReference; fileEncoding = 4; lastKnownFileType = sourcecode.c.h; path = GameTargetsViewController.h; sourceTree = "<group>"; };
		4CC34A74148D70FC00598D3B /* GameTargetsViewController.m */ = {isa = PBXFileReference; fileEncoding = 4; lastKnownFileType = sourcecode.c.objc; path = GameTargetsViewController.m; sourceTree = "<group>"; };
		4CC34A75148D70FC00598D3B /* GameTargetsViewController.xib */ = {isa = PBXFileReference; fileEncoding = 4; lastKnownFileType = file.xib; path = GameTargetsViewController.xib; sourceTree = "<group>"; };
		4CC34A78148D748100598D3B /* TargetDetailViewController.h */ = {isa = PBXFileReference; fileEncoding = 4; lastKnownFileType = sourcecode.c.h; path = TargetDetailViewController.h; sourceTree = "<group>"; };
		4CC34A79148D748100598D3B /* TargetDetailViewController.m */ = {isa = PBXFileReference; fileEncoding = 4; lastKnownFileType = sourcecode.c.objc; path = TargetDetailViewController.m; sourceTree = "<group>"; };
		4CC34A7A148D748100598D3B /* TargetDetailViewController.xib */ = {isa = PBXFileReference; fileEncoding = 4; lastKnownFileType = file.xib; path = TargetDetailViewController.xib; sourceTree = "<group>"; };
		4CC34A7D148D809500598D3B /* SuccessViewController.h */ = {isa = PBXFileReference; fileEncoding = 4; lastKnownFileType = sourcecode.c.h; path = SuccessViewController.h; sourceTree = "<group>"; };
		4CC34A7E148D809600598D3B /* SuccessViewController.m */ = {isa = PBXFileReference; fileEncoding = 4; lastKnownFileType = sourcecode.c.objc; path = SuccessViewController.m; sourceTree = "<group>"; };
		4CC34A7F148D809600598D3B /* SuccessViewController.xib */ = {isa = PBXFileReference; fileEncoding = 4; lastKnownFileType = file.xib; path = SuccessViewController.xib; sourceTree = "<group>"; };
		4CC34A82148D813300598D3B /* yp-logo.png */ = {isa = PBXFileReference; lastKnownFileType = image.png; path = "yp-logo.png"; sourceTree = "<group>"; };
		4CC34A84148D81C100598D3B /* provided_by_YP.gif */ = {isa = PBXFileReference; lastKnownFileType = image.gif; path = provided_by_YP.gif; sourceTree = "<group>"; };
		4CC34A86148D897900598D3B /* grass.png */ = {isa = PBXFileReference; lastKnownFileType = image.png; path = grass.png; sourceTree = "<group>"; };
		4CC34A88148D8C0300598D3B /* PersonListingViewController.h */ = {isa = PBXFileReference; fileEncoding = 4; lastKnownFileType = sourcecode.c.h; path = PersonListingViewController.h; sourceTree = "<group>"; };
		4CC34A89148D8C0300598D3B /* PersonListingViewController.m */ = {isa = PBXFileReference; fileEncoding = 4; lastKnownFileType = sourcecode.c.objc; path = PersonListingViewController.m; sourceTree = "<group>"; };
		4CC34A8A148D8C0300598D3B /* PersonListingViewController.xib */ = {isa = PBXFileReference; fileEncoding = 4; lastKnownFileType = file.xib; path = PersonListingViewController.xib; sourceTree = "<group>"; };
		4CC34A8D148D8E0800598D3B /* George.png */ = {isa = PBXFileReference; lastKnownFileType = image.png; path = George.png; sourceTree = "<group>"; };
		4CC34A8E148D8E0800598D3B /* John.png */ = {isa = PBXFileReference; lastKnownFileType = image.png; path = John.png; sourceTree = "<group>"; };
		4CC34A8F148D8E0900598D3B /* Paul.png */ = {isa = PBXFileReference; lastKnownFileType = image.png; path = Paul.png; sourceTree = "<group>"; };
		4CC34A90148D8E0900598D3B /* Ringo.png */ = {isa = PBXFileReference; lastKnownFileType = image.png; path = Ringo.png; sourceTree = "<group>"; };
		4CC34A95148D8FEA00598D3B /* NearbyGamesViewController.h */ = {isa = PBXFileReference; fileEncoding = 4; lastKnownFileType = sourcecode.c.h; path = NearbyGamesViewController.h; sourceTree = "<group>"; };
		4CC34A96148D8FEA00598D3B /* NearbyGamesViewController.m */ = {isa = PBXFileReference; fileEncoding = 4; lastKnownFileType = sourcecode.c.objc; path = NearbyGamesViewController.m; sourceTree = "<group>"; };
/* End PBXFileReference section */

/* Begin PBXFrameworksBuildPhase section */
		4CC34A31148D6D6B00598D3B /* Frameworks */ = {
			isa = PBXFrameworksBuildPhase;
			buildActionMask = 2147483647;
			files = (
				4CC34A5E148D6D8E00598D3B /* MapKit.framework in Frameworks */,
				4CC34A5C148D6D8500598D3B /* CoreLocation.framework in Frameworks */,
				4CC34A39148D6D6B00598D3B /* UIKit.framework in Frameworks */,
				4CC34A3B148D6D6B00598D3B /* Foundation.framework in Frameworks */,
				4CC34A3D148D6D6B00598D3B /* CoreGraphics.framework in Frameworks */,
			);
			runOnlyForDeploymentPostprocessing = 0;
		};
/* End PBXFrameworksBuildPhase section */

/* Begin PBXGroup section */
		4CC34A29148D6D6B00598D3B = {
			isa = PBXGroup;
			children = (
				4CC34A5D148D6D8E00598D3B /* MapKit.framework */,
				4CC34A5B148D6D8500598D3B /* CoreLocation.framework */,
				4CC34A3E148D6D6B00598D3B /* ScavengerHunt */,
				4CC34A37148D6D6B00598D3B /* Frameworks */,
				4CC34A35148D6D6B00598D3B /* Products */,
			);
			sourceTree = "<group>";
		};
		4CC34A35148D6D6B00598D3B /* Products */ = {
			isa = PBXGroup;
			children = (
				4CC34A34148D6D6B00598D3B /* ScavengerHunt.app */,
			);
			name = Products;
			sourceTree = "<group>";
		};
		4CC34A37148D6D6B00598D3B /* Frameworks */ = {
			isa = PBXGroup;
			children = (
				4CC34A38148D6D6B00598D3B /* UIKit.framework */,
				4CC34A3A148D6D6B00598D3B /* Foundation.framework */,
				4CC34A3C148D6D6B00598D3B /* CoreGraphics.framework */,
			);
			name = Frameworks;
			sourceTree = "<group>";
		};
		4CC34A3E148D6D6B00598D3B /* ScavengerHunt */ = {
			isa = PBXGroup;
			children = (
				4CC34A8D148D8E0800598D3B /* George.png */,
				4CC34A8E148D8E0800598D3B /* John.png */,
				4CC34A8F148D8E0900598D3B /* Paul.png */,
				4CC34A90148D8E0900598D3B /* Ringo.png */,
				4CC34A86148D897900598D3B /* grass.png */,
				4CC34A84148D81C100598D3B /* provided_by_YP.gif */,
				4CC34A82148D813300598D3B /* yp-logo.png */,
				4CC34A5F148D6DDB00598D3B /* aws_GameDetailViewController.h */,
				4CC34A60148D6DDB00598D3B /* aws_GameDetailViewController.m */,
				4CC34A61148D6DDB00598D3B /* aws_GameDetailViewController.xib */,
				4CC34A62148D6DDB00598D3B /* PickGameViewController.h */,
				4CC34A63148D6DDB00598D3B /* PickGameViewController.m */,
				4CC34A64148D6DDB00598D3B /* PickGameViewController.xib */,
				4CC34A47148D6D6B00598D3B /* aws_AppDelegate.h */,
				4CC34A48148D6D6B00598D3B /* aws_AppDelegate.m */,
				4CC34A3F148D6D6B00598D3B /* Supporting Files */,
				4CC34A6E148D6EEE00598D3B /* LoginViewController.h */,
				4CC34A6F148D6EEE00598D3B /* LoginViewController.m */,
				4CC34A70148D6EEE00598D3B /* LoginViewController.xib */,
				4CC34A73148D70FC00598D3B /* GameTargetsViewController.h */,
				4CC34A74148D70FC00598D3B /* GameTargetsViewController.m */,
				4CC34A75148D70FC00598D3B /* GameTargetsViewController.xib */,
				4CC34A78148D748100598D3B /* TargetDetailViewController.h */,
				4CC34A79148D748100598D3B /* TargetDetailViewController.m */,
				4CC34A7A148D748100598D3B /* TargetDetailViewController.xib */,
				4CC34A7D148D809500598D3B /* SuccessViewController.h */,
				4CC34A7E148D809600598D3B /* SuccessViewController.m */,
				4CC34A7F148D809600598D3B /* SuccessViewController.xib */,
				4CC34A88148D8C0300598D3B /* PersonListingViewController.h */,
				4CC34A89148D8C0300598D3B /* PersonListingViewController.m */,
				4CC34A8A148D8C0300598D3B /* PersonListingViewController.xib */,
				4CC34A95148D8FEA00598D3B /* NearbyGamesViewController.h */,
				4CC34A96148D8FEA00598D3B /* NearbyGamesViewController.m */,
			);
			path = ScavengerHunt;
			sourceTree = "<group>";
		};
		4CC34A3F148D6D6B00598D3B /* Supporting Files */ = {
			isa = PBXGroup;
			children = (
				4CC34A40148D6D6B00598D3B /* ScavengerHunt-Info.plist */,
				4CC34A41148D6D6B00598D3B /* InfoPlist.strings */,
				4CC34A44148D6D6B00598D3B /* main.m */,
				4CC34A46148D6D6B00598D3B /* ScavengerHunt-Prefix.pch */,
			);
			name = "Supporting Files";
			sourceTree = "<group>";
		};
/* End PBXGroup section */

/* Begin PBXNativeTarget section */
		4CC34A33148D6D6B00598D3B /* ScavengerHunt */ = {
			isa = PBXNativeTarget;
			buildConfigurationList = 4CC34A58148D6D6B00598D3B /* Build configuration list for PBXNativeTarget "ScavengerHunt" */;
			buildPhases = (
				4CC34A30148D6D6B00598D3B /* Sources */,
				4CC34A31148D6D6B00598D3B /* Frameworks */,
				4CC34A32148D6D6B00598D3B /* Resources */,
			);
			buildRules = (
			);
			dependencies = (
			);
			name = ScavengerHunt;
			productName = ScavengerHunt;
			productReference = 4CC34A34148D6D6B00598D3B /* ScavengerHunt.app */;
			productType = "com.apple.product-type.application";
		};
/* End PBXNativeTarget section */

/* Begin PBXProject section */
		4CC34A2B148D6D6B00598D3B /* Project object */ = {
			isa = PBXProject;
			attributes = {
				LastUpgradeCheck = 0420;
			};
			buildConfigurationList = 4CC34A2E148D6D6B00598D3B /* Build configuration list for PBXProject "ScavengerHunt" */;
			compatibilityVersion = "Xcode 3.2";
			developmentRegion = English;
			hasScannedForEncodings = 0;
			knownRegions = (
				en,
			);
			mainGroup = 4CC34A29148D6D6B00598D3B;
			productRefGroup = 4CC34A35148D6D6B00598D3B /* Products */;
			projectDirPath = "";
			projectRoot = "";
			targets = (
				4CC34A33148D6D6B00598D3B /* ScavengerHunt */,
			);
		};
/* End PBXProject section */

/* Begin PBXResourcesBuildPhase section */
		4CC34A32148D6D6B00598D3B /* Resources */ = {
			isa = PBXResourcesBuildPhase;
			buildActionMask = 2147483647;
			files = (
				4CC34A43148D6D6B00598D3B /* InfoPlist.strings in Resources */,
				4CC34A66148D6DDB00598D3B /* aws_GameDetailViewController.xib in Resources */,
				4CC34A68148D6DDB00598D3B /* PickGameViewController.xib in Resources */,
				4CC34A72148D6EEE00598D3B /* LoginViewController.xib in Resources */,
				4CC34A77148D70FC00598D3B /* GameTargetsViewController.xib in Resources */,
				4CC34A7C148D748100598D3B /* TargetDetailViewController.xib in Resources */,
				4CC34A81148D809600598D3B /* SuccessViewController.xib in Resources */,
				4CC34A83148D813300598D3B /* yp-logo.png in Resources */,
				4CC34A85148D81C200598D3B /* provided_by_YP.gif in Resources */,
				4CC34A87148D897900598D3B /* grass.png in Resources */,
				4CC34A8C148D8C0400598D3B /* PersonListingViewController.xib in Resources */,
				4CC34A91148D8E0A00598D3B /* George.png in Resources */,
				4CC34A92148D8E0A00598D3B /* John.png in Resources */,
				4CC34A93148D8E0A00598D3B /* Paul.png in Resources */,
				4CC34A94148D8E0A00598D3B /* Ringo.png in Resources */,
			);
			runOnlyForDeploymentPostprocessing = 0;
		};
/* End PBXResourcesBuildPhase section */

/* Begin PBXSourcesBuildPhase section */
		4CC34A30148D6D6B00598D3B /* Sources */ = {
			isa = PBXSourcesBuildPhase;
			buildActionMask = 2147483647;
			files = (
				4CC34A45148D6D6B00598D3B /* main.m in Sources */,
				4CC34A49148D6D6B00598D3B /* aws_AppDelegate.m in Sources */,
				4CC34A65148D6DDB00598D3B /* aws_GameDetailViewController.m in Sources */,
				4CC34A67148D6DDB00598D3B /* PickGameViewController.m in Sources */,
				4CC34A71148D6EEE00598D3B /* LoginViewController.m in Sources */,
				4CC34A76148D70FC00598D3B /* GameTargetsViewController.m in Sources */,
				4CC34A7B148D748100598D3B /* TargetDetailViewController.m in Sources */,
				4CC34A80148D809600598D3B /* SuccessViewController.m in Sources */,
				4CC34A8B148D8C0400598D3B /* PersonListingViewController.m in Sources */,
				4CC34A97148D8FEA00598D3B /* NearbyGamesViewController.m in Sources */,
			);
			runOnlyForDeploymentPostprocessing = 0;
		};
/* End PBXSourcesBuildPhase section */

/* Begin PBXVariantGroup section */
		4CC34A41148D6D6B00598D3B /* InfoPlist.strings */ = {
			isa = PBXVariantGroup;
			children = (
				4CC34A42148D6D6B00598D3B /* en */,
			);
			name = InfoPlist.strings;
			sourceTree = "<group>";
		};
/* End PBXVariantGroup section */

/* Begin XCBuildConfiguration section */
		4CC34A56148D6D6B00598D3B /* Debug */ = {
			isa = XCBuildConfiguration;
			buildSettings = {
				ALWAYS_SEARCH_USER_PATHS = NO;
				ARCHS = "$(ARCHS_STANDARD_32_BIT)";
				CLANG_ENABLE_OBJC_ARC = YES;
				"CODE_SIGN_IDENTITY[sdk=iphoneos*]" = "iPhone Developer";
				COPY_PHASE_STRIP = NO;
				GCC_C_LANGUAGE_STANDARD = gnu99;
				GCC_DYNAMIC_NO_PIC = NO;
				GCC_OPTIMIZATION_LEVEL = 0;
				GCC_PREPROCESSOR_DEFINITIONS = (
					"DEBUG=1",
					"$(inherited)",
				);
				GCC_SYMBOLS_PRIVATE_EXTERN = NO;
				GCC_VERSION = com.apple.compilers.llvm.clang.1_0;
				GCC_WARN_ABOUT_MISSING_PROTOTYPES = YES;
				GCC_WARN_ABOUT_RETURN_TYPE = YES;
				GCC_WARN_UNUSED_VARIABLE = YES;
				IPHONEOS_DEPLOYMENT_TARGET = 5.0;
				SDKROOT = iphoneos;
			};
			name = Debug;
		};
		4CC34A57148D6D6B00598D3B /* Release */ = {
			isa = XCBuildConfiguration;
			buildSettings = {
				ALWAYS_SEARCH_USER_PATHS = NO;
				ARCHS = "$(ARCHS_STANDARD_32_BIT)";
				CLANG_ENABLE_OBJC_ARC = YES;
				"CODE_SIGN_IDENTITY[sdk=iphoneos*]" = "iPhone Developer";
				COPY_PHASE_STRIP = YES;
				GCC_C_LANGUAGE_STANDARD = gnu99;
				GCC_VERSION = com.apple.compilers.llvm.clang.1_0;
				GCC_WARN_ABOUT_MISSING_PROTOTYPES = YES;
				GCC_WARN_ABOUT_RETURN_TYPE = YES;
				GCC_WARN_UNUSED_VARIABLE = YES;
				IPHONEOS_DEPLOYMENT_TARGET = 5.0;
				OTHER_CFLAGS = "-DNS_BLOCK_ASSERTIONS=1";
				SDKROOT = iphoneos;
				VALIDATE_PRODUCT = YES;
			};
			name = Release;
		};
		4CC34A59148D6D6B00598D3B /* Debug */ = {
			isa = XCBuildConfiguration;
			buildSettings = {
				GCC_PRECOMPILE_PREFIX_HEADER = YES;
				GCC_PREFIX_HEADER = "ScavengerHunt/ScavengerHunt-Prefix.pch";
				INFOPLIST_FILE = "ScavengerHunt/ScavengerHunt-Info.plist";
				PRODUCT_NAME = "$(TARGET_NAME)";
				WRAPPER_EXTENSION = app;
			};
			name = Debug;
		};
		4CC34A5A148D6D6B00598D3B /* Release */ = {
			isa = XCBuildConfiguration;
			buildSettings = {
				GCC_PRECOMPILE_PREFIX_HEADER = YES;
				GCC_PREFIX_HEADER = "ScavengerHunt/ScavengerHunt-Prefix.pch";
				INFOPLIST_FILE = "ScavengerHunt/ScavengerHunt-Info.plist";
				PRODUCT_NAME = "$(TARGET_NAME)";
				WRAPPER_EXTENSION = app;
			};
			name = Release;
		};
/* End XCBuildConfiguration section */

/* Begin XCConfigurationList section */
		4CC34A2E148D6D6B00598D3B /* Build configuration list for PBXProject "ScavengerHunt" */ = {
			isa = XCConfigurationList;
			buildConfigurations = (
				4CC34A56148D6D6B00598D3B /* Debug */,
				4CC34A57148D6D6B00598D3B /* Release */,
			);
			defaultConfigurationIsVisible = 0;
			defaultConfigurationName = Release;
		};
		4CC34A58148D6D6B00598D3B /* Build configuration list for PBXNativeTarget "ScavengerHunt" */ = {
			isa = XCConfigurationList;
			buildConfigurations = (
				4CC34A59148D6D6B00598D3B /* Debug */,
				4CC34A5A148D6D6B00598D3B /* Release */,
			);
			defaultConfigurationIsVisible = 0;
		};
/* End XCConfigurationList section */
	};
	rootObject = 4CC34A2B148D6D6B00598D3B /* Project object */;
}
